{
  "nodes": {
    "crane": {
      "locked": {
        "lastModified": 1750266157,
        "narHash": "sha256-tL42YoNg9y30u7zAqtoGDNdTyXTi8EALDeCB13FtbQA=",
        "owner": "ipetkov",
        "repo": "crane",
        "rev": "e37c943371b73ed87faf33f7583860f81f1d5a48",
        "type": "github"
      },
      "original": {
        "owner": "ipetkov",
        "repo": "crane",
        "type": "github"
      }
    },
    "fixed-nix": {
      "inputs": {
        "flake-compat": "flake-compat",
        "flake-parts": "flake-parts",
        "git-hooks-nix": "git-hooks-nix",
        "nixpkgs": "nixpkgs",
        "nixpkgs-23-11": "nixpkgs-23-11",
        "nixpkgs-regression": "nixpkgs-regression"
      },
      "locked": {
        "lastModified": 1752964164,
        "narHash": "sha256-gmp3uaP8E1qbJ36GIIrTptaM2YgOe4LRr4A/4I5nwoM=",
        "owner": "CertainLach",
        "repo": "nix",
        "rev": "3dfb6a3894f33d6f8f86eebcce047e9e668d8f8b",
        "type": "github"
      },
      "original": {
        "owner": "CertainLach",
        "ref": "push-oyyysvytlnpr",
        "repo": "nix",
        "type": "github"
      }
    },
    "flake-compat": {
      "flake": false,
      "locked": {
        "lastModified": 1733328505,
        "narHash": "sha256-NeCCThCEP3eCl2l/+27kNNK7QrwZB1IJCrXfrbv5oqU=",
        "owner": "edolstra",
        "repo": "flake-compat",
        "rev": "ff81ac966bb2cae68946d5ed5fc4994f96d0ffec",
        "type": "github"
      },
      "original": {
        "owner": "edolstra",
        "repo": "flake-compat",
        "type": "github"
      }
    },
    "flake-parts": {
      "inputs": {
        "nixpkgs-lib": [
          "fixed-nix",
          "nixpkgs"
        ]
      },
      "locked": {
        "lastModified": 1733312601,
        "narHash": "sha256-4pDvzqnegAfRkPwO3wmwBhVi/Sye1mzps0zHWYnP88c=",
        "owner": "hercules-ci",
        "repo": "flake-parts",
        "rev": "205b12d8b7cd4802fbcb8e8ef6a0f1408781a4f9",
        "type": "github"
      },
      "original": {
        "owner": "hercules-ci",
        "repo": "flake-parts",
        "type": "github"
      }
    },
    "flake-parts_2": {
      "inputs": {
        "nixpkgs-lib": "nixpkgs-lib"
      },
      "locked": {
        "lastModified": 1733312601,
        "narHash": "sha256-4pDvzqnegAfRkPwO3wmwBhVi/Sye1mzps0zHWYnP88c=",
        "owner": "hercules-ci",
        "repo": "flake-parts",
        "rev": "205b12d8b7cd4802fbcb8e8ef6a0f1408781a4f9",
        "type": "github"
      },
      "original": {
        "owner": "hercules-ci",
        "repo": "flake-parts",
        "type": "github"
      }
    },
    "flake-parts_3": {
      "inputs": {
        "nixpkgs-lib": [
          "fleet",
          "nixpkgs"
        ]
      },
      "locked": {
        "lastModified": 1749398372,
        "narHash": "sha256-tYBdgS56eXYaWVW3fsnPQ/nFlgWi/Z2Ymhyu21zVM98=",
        "owner": "hercules-ci",
        "repo": "flake-parts",
        "rev": "9305fe4e5c2a6fcf5ba6a3ff155720fbe4076569",
        "type": "github"
      },
      "original": {
        "owner": "hercules-ci",
        "repo": "flake-parts",
        "type": "github"
      }
    },
    "fleet": {
      "inputs": {
        "crane": "crane",
        "flake-parts": "flake-parts_3",
        "nixpkgs": [
          "nixpkgs"
        ],
        "rust-overlay": "rust-overlay",
        "shelly": "shelly",
        "treefmt-nix": "treefmt-nix"
      },
      "locked": {
        "lastModified": 1751140531,
        "narHash": "sha256-OgH+urlOtcd5Lx0LYDvdyDnLok9w59P5JIdhZ0v358A=",
        "owner": "CertainLach",
        "repo": "fleet",
        "rev": "94ece5cae749cba27af413e9cef99b80cb5b1dd1",
        "type": "github"
      },
      "original": {
        "owner": "CertainLach",
        "repo": "fleet",
        "type": "github"
      }
    },
    "git-hooks-nix": {
      "inputs": {
        "flake-compat": [
          "fixed-nix"
        ],
        "gitignore": [
          "fixed-nix"
        ],
        "nixpkgs": [
          "fixed-nix",
          "nixpkgs"
        ],
        "nixpkgs-stable": [
          "fixed-nix",
          "nixpkgs"
        ]
      },
      "locked": {
        "lastModified": 1734279981,
        "narHash": "sha256-NdaCraHPp8iYMWzdXAt5Nv6sA3MUzlCiGiR586TCwo0=",
        "owner": "cachix",
        "repo": "git-hooks.nix",
        "rev": "aa9f40c906904ebd83da78e7f328cd8aeaeae785",
        "type": "github"
      },
      "original": {
        "owner": "cachix",
        "repo": "git-hooks.nix",
        "type": "github"
      }
    },
    "home-manager": {
      "inputs": {
        "nixpkgs": [
          "nixpkgs"
        ]
      },
      "locked": {
        "lastModified": 1752208517,
        "narHash": "sha256-aRY1cYOdVdXdNjcL/Twpa27CknO7pVHxooPsBizDraE=",
        "owner": "nix-community",
        "repo": "home-manager",
        "rev": "c6a01e54af81b381695db796a43360bf6db5702f",
        "type": "github"
      },
      "original": {
        "owner": "nix-community",
        "ref": "release-25.05",
        "repo": "home-manager",
        "type": "github"
      }
    },
    "multiseat": {
      "inputs": {
        "nixpkgs": [
          "nixpkgs"
        ]
      },
      "locked": {
        "lastModified": 1750067250,
        "narHash": "sha256-Dk5s4L5vWA5GKb+Vl0sOzkPmvAsPbR8zi0Dw1PR2/nY=",
        "owner": "mrshiposha",
        "repo": "nixos-fullwayland-multiseat",
        "rev": "7f018c778b5b1100aa030cebe86084af38a31d01",
        "type": "github"
      },
      "original": {
        "owner": "mrshiposha",
        "repo": "nixos-fullwayland-multiseat",
        "type": "github"
      }
    },
    "nixpkgs": {
      "locked": {
        "lastModified": 1747179050,
        "narHash": "sha256-qhFMmDkeJX9KJwr5H32f1r7Prs7XbQWtO0h3V0a0rFY=",
        "owner": "NixOS",
        "repo": "nixpkgs",
        "rev": "adaa24fbf46737f3f1b5497bf64bae750f82942e",
        "type": "github"
      },
      "original": {
        "owner": "NixOS",
        "ref": "nixos-unstable",
        "repo": "nixpkgs",
        "type": "github"
      }
    },
    "nixpkgs-23-11": {
      "locked": {
        "lastModified": 1717159533,
        "narHash": "sha256-oamiKNfr2MS6yH64rUn99mIZjc45nGJlj9eGth/3Xuw=",
        "owner": "NixOS",
        "repo": "nixpkgs",
        "rev": "a62e6edd6d5e1fa0329b8653c801147986f8d446",
        "type": "github"
      },
      "original": {
        "owner": "NixOS",
        "repo": "nixpkgs",
        "rev": "a62e6edd6d5e1fa0329b8653c801147986f8d446",
        "type": "github"
      }
    },
    "nixpkgs-lib": {
      "locked": {
        "lastModified": 1733096140,
        "narHash": "sha256-1qRH7uAUsyQI7R1Uwl4T+XvdNv778H0Nb5njNrqvylY=",
        "type": "tarball",
        "url": "https://github.com/NixOS/nixpkgs/archive/5487e69da40cbd611ab2cadee0b4637225f7cfae.tar.gz"
      },
      "original": {
        "type": "tarball",
        "url": "https://github.com/NixOS/nixpkgs/archive/5487e69da40cbd611ab2cadee0b4637225f7cfae.tar.gz"
      }
    },
    "nixpkgs-regression": {
      "locked": {
        "lastModified": 1643052045,
        "narHash": "sha256-uGJ0VXIhWKGXxkeNnq4TvV3CIOkUJ3PAoLZ3HMzNVMw=",
        "owner": "NixOS",
        "repo": "nixpkgs",
        "rev": "215d4d0fd80ca5163643b03a33fde804a29cc1e2",
        "type": "github"
      },
      "original": {
        "owner": "NixOS",
        "repo": "nixpkgs",
        "rev": "215d4d0fd80ca5163643b03a33fde804a29cc1e2",
        "type": "github"
      }
    },
    "nixpkgs20250902": {
      "locked": {
        "lastModified": 1747179050,
        "narHash": "sha256-qhFMmDkeJX9KJwr5H32f1r7Prs7XbQWtO0h3V0a0rFY=",
        "owner": "NixOS",
        "repo": "nixpkgs",
        "rev": "adaa24fbf46737f3f1b5497bf64bae750f82942e",
        "type": "github"
      },
      "original": {
        "owner": "NixOS",
        "repo": "nixpkgs",
        "rev": "adaa24fbf46737f3f1b5497bf64bae750f82942e",
        "type": "github"
      }
    },
    "nixpkgs_2": {
      "locked": {
        "lastModified": 1755450530,
        "narHash": "sha256-loFsb/NRfyRvhTXyLzMyivJSf7QLaXP2LIOhSGO5r5k=",
        "owner": "NixOS",
        "repo": "nixpkgs",
        "rev": "a745a9d0a99541dc0417bf53e9bb7a8c214dce11",
        "type": "github"
      },
      "original": {
        "owner": "NixOS",
        "ref": "release-25.05",
        "repo": "nixpkgs",
        "type": "github"
      }
    },
    "root": {
      "inputs": {
        "fixed-nix": "fixed-nix",
        "flake-parts": "flake-parts_2",
        "fleet": "fleet",
        "home-manager": "home-manager",
        "multiseat": "multiseat",
        "nixpkgs": "nixpkgs_2",
        "nixpkgs20250902": "nixpkgs20250902",
        "unstable-nixpkgs": "unstable-nixpkgs",
        "valheim-server": "valheim-server"
      }
    },
    "rust-overlay": {
      "inputs": {
        "nixpkgs": [
          "fleet",
          "nixpkgs"
        ]
      },
      "locked": {
        "lastModified": 1750819193,
        "narHash": "sha256-XvkupGPZqD54HuKhN/2WhbKjAHeTl1UEnWspzUzRFfA=",
        "owner": "oxalica",
        "repo": "rust-overlay",
        "rev": "1ba3b9c59b68a4b00156827ad46393127b51b808",
        "type": "github"
      },
      "original": {
        "owner": "oxalica",
        "repo": "rust-overlay",
        "type": "github"
      }
    },
    "shelly": {
      "locked": {
        "lastModified": 1737089050,
        "narHash": "sha256-SQ22z9L7fSC8FWNIlImpKeBGBUPoWpsTy9uc75o7uK0=",
        "owner": "CertainLach",
        "repo": "shelly",
        "rev": "b5fa6bb56dcd1541ec399ceab1e95a74872ecd34",
        "type": "github"
      },
      "original": {
        "owner": "CertainLach",
        "repo": "shelly",
        "type": "github"
      }
    },
    "steam-fetcher": {
      "inputs": {
        "nixpkgs": [
          "valheim-server",
          "nixpkgs"
        ]
      },
      "locked": {
        "lastModified": 1714795926,
        "narHash": "sha256-PkgC9jqoN6cJ8XYzTA2PlrWs7aPJkM3BGiTxNqax0cA=",
        "owner": "nix-community",
        "repo": "steam-fetcher",
        "rev": "12f66eafb7862d91b3e30c14035f96a21941bd9c",
        "type": "github"
      },
      "original": {
        "owner": "nix-community",
        "repo": "steam-fetcher",
        "type": "github"
      }
    },
    "treefmt-nix": {
      "inputs": {
        "nixpkgs": [
          "fleet",
          "nixpkgs"
        ]
      },
      "locked": {
        "lastModified": 1749194973,
        "narHash": "sha256-eEy8cuS0mZ2j/r/FE0/LYBSBcIs/MKOIVakwHVuqTfk=",
        "owner": "numtide",
        "repo": "treefmt-nix",
        "rev": "a05be418a1af1198ca0f63facb13c985db4cb3c5",
        "type": "github"
      },
      "original": {
        "owner": "numtide",
        "repo": "treefmt-nix",
        "type": "github"
      }
    },
    "unstable-nixpkgs": {
      "locked": {
        "lastModified": 1737847078,
        "narHash": "sha256-RlIl2QOvd0ijklqS+1W9YW8xzWJPqpfSblruQSlxBI8=",
        "owner": "NixOS",
        "repo": "nixpkgs",
        "rev": "b582bb5b0d7af253b05d58314b85ab8ec46b8d19",
        "type": "github"
      },
      "original": {
        "owner": "NixOS",
        "ref": "nixpkgs-unstable",
        "repo": "nixpkgs",
        "type": "github"
      }
    },
    "valheim-server": {
      "inputs": {
        "nixpkgs": [
          "nixpkgs"
        ],
        "steam-fetcher": "steam-fetcher"
      },
      "locked": {
        "lastModified": 1745435732,
        "narHash": "sha256-RXerhvpCYFEHRnjby5yHGPyheXv/4eXvM7SNElrQJcc=",
        "owner": "mrshiposha",
        "repo": "valheim-server-flake",
        "rev": "f94f7fa9889de52a988e266702c14d91c289970e",
        "type": "github"
      },
      "original": {
        "owner": "mrshiposha",
        "repo": "valheim-server-flake",
        "type": "github"
      }
    }
  },
  "root": "root",
  "version": 7
}
